
Microsoft Visual Studio Solution File, Format Version 10.00
# Visual Studio 2008
Project("{8BC9CEB8-8B4A-11D0-8D11-00A0C91BC942}") = "Ivory", "Source\Ivory\Ivory.vcproj", "{C0D918BA-4CC0-40EC-B155-2B86E5D5D720}"
EndProject
Project("{8BC9CEB8-8B4A-11D0-8D11-00A0C91BC942}") = "Bach", "Source\Bach\Bach.vcproj", "{D375A15A-790B-45D5-86BC-CDD8BA267597}"
EndProject
Project("{8BC9CEB8-8B4A-11D0-8D11-00A0C91BC942}") = "Bozo", "Source\Bozo\Bozo.vcproj", "{25C60D69-DD02-4E59-85AF-C155A9B1E489}"
EndProject
Project("{8BC9CEB8-8B4A-11D0-8D11-00A0C91BC942}") = "Escher", "Source\Escher\Escher.vcproj", "{5521F7FC-2818-4275-9AD6-1448A8A6C716}"
EndProject
Project("{8BC9CEB8-8B4A-11D0-8D11-00A0C91BC942}") = "Felix", "Source\Felix\Felix.vcproj", "{7479EDBC-C102-46AF-83FA-12D7DF15BEBD}"
EndProject
Project("{8BC9CEB8-8B4A-11D0-8D11-00A0C91BC942}") = "Max", "Source\Max\Max.vcproj", "{60224C89-C537-4BE1-B2C4-5AE188C4BA8C}"
EndProject
Project("{8BC9CEB8-8B4A-11D0-8D11-00A0C91BC942}") = "Newton", "Source\Newton\Newton.vcproj", "{4A1F0224-2D5C-4825-B07B-7395454ADF4E}"
EndProject
Project("{8BC9CEB8-8B4A-11D0-8D11-00A0C91BC942}") = "Pane", "Source\Pane\Pane.vcproj", "{C6773A9C-0536-43DA-A3F8-75E1268F0336}"
EndProject
Project("{8BC9CEB8-8B4A-11D0-8D11-00A0C91BC942}") = "SimGine", "Source\SimGine\SimGine.vcproj", "{647AD9FB-A25B-4675-9F9E-AEA10C81453E}"
EndProject
Project("{8BC9CEB8-8B4A-11D0-8D11-00A0C91BC942}") = "System", "Source\System\System.vcproj", "{6653C888-6937-4BF1-8A9D-E667F3D9B63F}"
EndProject
Project("{8BC9CEB8-8B4A-11D0-8D11-00A0C91BC942}") = "Spielbrg", "Source\Spielbrg\Spielbrg.vcproj", "{AF1CC063-0C51-4EA4-B9CA-5527EACD015C}"
EndProject
Project("{8BC9CEB8-8B4A-11D0-8D11-00A0C91BC942}") = "Turner", "Source\Turner\Turner.vcproj", "{8D3BA636-DFBE-438B-A9CB-D61274CBD80C}"
EndProject
Project("{8BC9CEB8-8B4A-11D0-8D11-00A0C91BC942}") = "Vangogh", "Source\Vangogh\Vangogh.vcproj", "{5BB8BEE7-A6AE-4C8E-9762-2B81021925D3}"
EndProject
Project("{8BC9CEB8-8B4A-11D0-8D11-00A0C91BC942}") = "XFile", "Source\XFile\XFile.vcproj", "{6BFB5819-7D0D-4BC8-BF1F-24AB5FD72DBB}"
EndProject
Project("{8BC9CEB8-8B4A-11D0-8D11-00A0C91BC942}") = "IvoryMFC", "Source\Ivory\IvoryMFC\IvoryMFC.vcproj", "{91CF3F1B-E899-407E-A0A4-F5C94216A1FA}"
EndProject
Project("{2150E333-8FDC-42A3-9474-1A3956D46DE8}") = "Tests", "Tests", "{22EAA7E1-DD9D-4311-B295-06293ED2CD87}"
EndProject
Project("{8BC9CEB8-8B4A-11D0-8D11-00A0C91BC942}") = "FelixTest", "Source\Felix\Test\FelixTest.vcproj", "{3C5C9906-9E46-4208-AFC9-753447D47AD0}"
EndProject
Project("{8BC9CEB8-8B4A-11D0-8D11-00A0C91BC942}") = "IvoryTest", "Source\Ivory\Test\IvoryTest.vcproj", "{2F6B18B9-0F87-4201-A6AC-13BCF017C654}"
EndProject
Project("{8BC9CEB8-8B4A-11D0-8D11-00A0C91BC942}") = "BachTest", "Source\Bach\Test\BachTest.vcproj", "{531E5B7D-D48C-45C8-A31D-EE23F87D1CCA}"
EndProject
Project("{8BC9CEB8-8B4A-11D0-8D11-00A0C91BC942}") = "BozoTest", "Source\Bozo\Test\BozoTest.vcproj", "{EE7895FF-8E3C-43ED-9F8D-CE0D5924E45A}"
EndProject
Project("{8BC9CEB8-8B4A-11D0-8D11-00A0C91BC942}") = "ChronosTest", "Source\Chronos\Test\ChronosTest.vcproj", "{1487469A-F56D-4D5D-AE3E-181B701CAF67}"
EndProject
Project("{8BC9CEB8-8B4A-11D0-8D11-00A0C91BC942}") = "EscherTest", "Source\Escher\Test\EscherTest.vcproj", "{BD7E3F89-730A-4459-A5C5-9C84ACAC245E}"
EndProject
Project("{8BC9CEB8-8B4A-11D0-8D11-00A0C91BC942}") = "GutenbrgTest", "Source\Gutenbrg\Test\GutenbrgTest.vcproj", "{07362E7A-8F24-43AB-A7AA-BB0CC4A4933C}"
EndProject
Project("{8BC9CEB8-8B4A-11D0-8D11-00A0C91BC942}") = "MaxTest", "Source\Max\Test\MaxTest.vcproj", "{E4331CC5-D292-438C-A70E-B35F1687A6BE}"
EndProject
Project("{8BC9CEB8-8B4A-11D0-8D11-00A0C91BC942}") = "NewtonTest", "Source\Newton\Test\NewtonTest.vcproj", "{017B142E-FBDA-4150-B0D7-8D0111A0A9BD}"
EndProject
Project("{8BC9CEB8-8B4A-11D0-8D11-00A0C91BC942}") = "SimGineTest", "Source\SimGine\Test\SimGineTest.vcproj", "{D95C47C1-6346-48FB-B51A-662EFDD9DCA9}"
EndProject
Project("{8BC9CEB8-8B4A-11D0-8D11-00A0C91BC942}") = "SystemTest", "Source\System\Test\SystemTest.vcproj", "{3828C952-EF8F-4E6E-8467-2122240A63B8}"
EndProject
Project("{8BC9CEB8-8B4A-11D0-8D11-00A0C91BC942}") = "SpielbrgTest", "Source\Spielbrg\Test\SpielbrgTest.vcproj", "{589409ED-4FA1-45F5-83B8-CF294D6A1A4E}"
EndProject
Project("{8BC9CEB8-8B4A-11D0-8D11-00A0C91BC942}") = "TurnerTest", "Source\Turner\Test\TurnerTest.vcproj", "{C0EDB465-5831-4B61-A84D-6E3458B47375}"
EndProject
Project("{8BC9CEB8-8B4A-11D0-8D11-00A0C91BC942}") = "VangoghTest", "Source\Vangogh\Test\VangoghTest.vcproj", "{E59541B9-B28D-4AE3-B7A7-FEE69F2E4EC1}"
EndProject
Project("{8BC9CEB8-8B4A-11D0-8D11-00A0C91BC942}") = "XFileTest", "Source\XFile\Test\XFileTest.vcproj", "{460964BD-5B32-43F9-8BD5-DE886B33A04E}"
EndProject
Project("{8BC9CEB8-8B4A-11D0-8D11-00A0C91BC942}") = "Gutenbrg", "Source\Gutenbrg\Gutenbrg.vcproj", "{802CF11C-A1CA-4D3A-8188-2DF3F7FCDC9D}"
EndProject
Project("{8BC9CEB8-8B4A-11D0-8D11-00A0C91BC942}") = "Chronos", "Source\Chronos\Chronos.vcproj", "{FE1446A3-3053-4FD7-B830-8338604FA72D}"
EndProject
Global
	GlobalSection(SolutionConfigurationPlatforms) = preSolution
		Debug|Win32 = Debug|Win32
		Release|Win32 = Release|Win32
	EndGlobalSection
	GlobalSection(ProjectConfigurationPlatforms) = postSolution
		{C0D918BA-4CC0-40EC-B155-2B86E5D5D720}.Debug|Win32.ActiveCfg = Debug|Win32
		{C0D918BA-4CC0-40EC-B155-2B86E5D5D720}.Debug|Win32.Build.0 = Debug|Win32
		{C0D918BA-4CC0-40EC-B155-2B86E5D5D720}.Release|Win32.ActiveCfg = Release|Win32
		{C0D918BA-4CC0-40EC-B155-2B86E5D5D720}.Release|Win32.Build.0 = Release|Win32
		{D375A15A-790B-45D5-86BC-CDD8BA267597}.Debug|Win32.ActiveCfg = Debug|Win32
		{D375A15A-790B-45D5-86BC-CDD8BA267597}.Debug|Win32.Build.0 = Debug|Win32
		{D375A15A-790B-45D5-86BC-CDD8BA267597}.Release|Win32.ActiveCfg = Release|Win32
		{D375A15A-790B-45D5-86BC-CDD8BA267597}.Release|Win32.Build.0 = Release|Win32
		{25C60D69-DD02-4E59-85AF-C155A9B1E489}.Debug|Win32.ActiveCfg = Debug|Win32
		{25C60D69-DD02-4E59-85AF-C155A9B1E489}.Debug|Win32.Build.0 = Debug|Win32
		{25C60D69-DD02-4E59-85AF-C155A9B1E489}.Release|Win32.ActiveCfg = Release|Win32
		{25C60D69-DD02-4E59-85AF-C155A9B1E489}.Release|Win32.Build.0 = Release|Win32
		{5521F7FC-2818-4275-9AD6-1448A8A6C716}.Debug|Win32.ActiveCfg = Debug|Win32
		{5521F7FC-2818-4275-9AD6-1448A8A6C716}.Debug|Win32.Build.0 = Debug|Win32
		{5521F7FC-2818-4275-9AD6-1448A8A6C716}.Release|Win32.ActiveCfg = Release|Win32
		{5521F7FC-2818-4275-9AD6-1448A8A6C716}.Release|Win32.Build.0 = Release|Win32
		{7479EDBC-C102-46AF-83FA-12D7DF15BEBD}.Debug|Win32.ActiveCfg = Debug|Win32
		{7479EDBC-C102-46AF-83FA-12D7DF15BEBD}.Debug|Win32.Build.0 = Debug|Win32
		{7479EDBC-C102-46AF-83FA-12D7DF15BEBD}.Release|Win32.ActiveCfg = Release|Win32
		{7479EDBC-C102-46AF-83FA-12D7DF15BEBD}.Release|Win32.Build.0 = Release|Win32
		{60224C89-C537-4BE1-B2C4-5AE188C4BA8C}.Debug|Win32.ActiveCfg = Debug|Win32
		{60224C89-C537-4BE1-B2C4-5AE188C4BA8C}.Debug|Win32.Build.0 = Debug|Win32
		{60224C89-C537-4BE1-B2C4-5AE188C4BA8C}.Release|Win32.ActiveCfg = Release|Win32
		{60224C89-C537-4BE1-B2C4-5AE188C4BA8C}.Release|Win32.Build.0 = Release|Win32
		{4A1F0224-2D5C-4825-B07B-7395454ADF4E}.Debug|Win32.ActiveCfg = Debug|Win32
		{4A1F0224-2D5C-4825-B07B-7395454ADF4E}.Debug|Win32.Build.0 = Debug|Win32
		{4A1F0224-2D5C-4825-B07B-7395454ADF4E}.Release|Win32.ActiveCfg = Release|Win32
		{4A1F0224-2D5C-4825-B07B-7395454ADF4E}.Release|Win32.Build.0 = Release|Win32
		{C6773A9C-0536-43DA-A3F8-75E1268F0336}.Debug|Win32.ActiveCfg = Debug|Win32
		{C6773A9C-0536-43DA-A3F8-75E1268F0336}.Debug|Win32.Build.0 = Debug|Win32
		{C6773A9C-0536-43DA-A3F8-75E1268F0336}.Release|Win32.ActiveCfg = Release|Win32
		{C6773A9C-0536-43DA-A3F8-75E1268F0336}.Release|Win32.Build.0 = Release|Win32
		{647AD9FB-A25B-4675-9F9E-AEA10C81453E}.Debug|Win32.ActiveCfg = Debug|Win32
		{647AD9FB-A25B-4675-9F9E-AEA10C81453E}.Debug|Win32.Build.0 = Debug|Win32
		{647AD9FB-A25B-4675-9F9E-AEA10C81453E}.Release|Win32.ActiveCfg = Release|Win32
		{647AD9FB-A25B-4675-9F9E-AEA10C81453E}.Release|Win32.Build.0 = Release|Win32
		{6653C888-6937-4BF1-8A9D-E667F3D9B63F}.Debug|Win32.ActiveCfg = Debug|Win32
		{6653C888-6937-4BF1-8A9D-E667F3D9B63F}.Debug|Win32.Build.0 = Debug|Win32
		{6653C888-6937-4BF1-8A9D-E667F3D9B63F}.Release|Win32.ActiveCfg = Release|Win32
		{6653C888-6937-4BF1-8A9D-E667F3D9B63F}.Release|Win32.Build.0 = Release|Win32
		{AF1CC063-0C51-4EA4-B9CA-5527EACD015C}.Debug|Win32.ActiveCfg = Debug|Win32
		{AF1CC063-0C51-4EA4-B9CA-5527EACD015C}.Debug|Win32.Build.0 = Debug|Win32
		{AF1CC063-0C51-4EA4-B9CA-5527EACD015C}.Release|Win32.ActiveCfg = Release|Win32
		{AF1CC063-0C51-4EA4-B9CA-5527EACD015C}.Release|Win32.Build.0 = Release|Win32
		{8D3BA636-DFBE-438B-A9CB-D61274CBD80C}.Debug|Win32.ActiveCfg = Debug|Win32
		{8D3BA636-DFBE-438B-A9CB-D61274CBD80C}.Debug|Win32.Build.0 = Debug|Win32
		{8D3BA636-DFBE-438B-A9CB-D61274CBD80C}.Release|Win32.ActiveCfg = Release|Win32
		{8D3BA636-DFBE-438B-A9CB-D61274CBD80C}.Release|Win32.Build.0 = Release|Win32
		{5BB8BEE7-A6AE-4C8E-9762-2B81021925D3}.Debug|Win32.ActiveCfg = Debug|Win32
		{5BB8BEE7-A6AE-4C8E-9762-2B81021925D3}.Debug|Win32.Build.0 = Debug|Win32
		{5BB8BEE7-A6AE-4C8E-9762-2B81021925D3}.Release|Win32.ActiveCfg = Release|Win32
		{5BB8BEE7-A6AE-4C8E-9762-2B81021925D3}.Release|Win32.Build.0 = Release|Win32
		{6BFB5819-7D0D-4BC8-BF1F-24AB5FD72DBB}.Debug|Win32.ActiveCfg = Debug|Win32
		{6BFB5819-7D0D-4BC8-BF1F-24AB5FD72DBB}.Debug|Win32.Build.0 = Debug|Win32
		{6BFB5819-7D0D-4BC8-BF1F-24AB5FD72DBB}.Release|Win32.ActiveCfg = Release|Win32
		{6BFB5819-7D0D-4BC8-BF1F-24AB5FD72DBB}.Release|Win32.Build.0 = Release|Win32
		{91CF3F1B-E899-407E-A0A4-F5C94216A1FA}.Debug|Win32.ActiveCfg = Debug|Win32
		{91CF3F1B-E899-407E-A0A4-F5C94216A1FA}.Debug|Win32.Build.0 = Debug|Win32
		{91CF3F1B-E899-407E-A0A4-F5C94216A1FA}.Release|Win32.ActiveCfg = Release|Win32
		{91CF3F1B-E899-407E-A0A4-F5C94216A1FA}.Release|Win32.Build.0 = Release|Win32
		{3C5C9906-9E46-4208-AFC9-753447D47AD0}.Debug|Win32.ActiveCfg = Debug|Win32
		{3C5C9906-9E46-4208-AFC9-753447D47AD0}.Debug|Win32.Build.0 = Debug|Win32
		{3C5C9906-9E46-4208-AFC9-753447D47AD0}.Release|Win32.ActiveCfg = Release|Win32
		{3C5C9906-9E46-4208-AFC9-753447D47AD0}.Release|Win32.Build.0 = Release|Win32
		{2F6B18B9-0F87-4201-A6AC-13BCF017C654}.Debug|Win32.ActiveCfg = Debug|Win32
		{2F6B18B9-0F87-4201-A6AC-13BCF017C654}.Debug|Win32.Build.0 = Debug|Win32
		{2F6B18B9-0F87-4201-A6AC-13BCF017C654}.Release|Win32.ActiveCfg = Release|Win32
		{2F6B18B9-0F87-4201-A6AC-13BCF017C654}.Release|Win32.Build.0 = Release|Win32
		{531E5B7D-D48C-45C8-A31D-EE23F87D1CCA}.Debug|Win32.ActiveCfg = Debug|Win32
		{531E5B7D-D48C-45C8-A31D-EE23F87D1CCA}.Debug|Win32.Build.0 = Debug|Win32
		{531E5B7D-D48C-45C8-A31D-EE23F87D1CCA}.Release|Win32.ActiveCfg = Release|Win32
		{531E5B7D-D48C-45C8-A31D-EE23F87D1CCA}.Release|Win32.Build.0 = Release|Win32
		{EE7895FF-8E3C-43ED-9F8D-CE0D5924E45A}.Debug|Win32.ActiveCfg = Debug|Win32
		{EE7895FF-8E3C-43ED-9F8D-CE0D5924E45A}.Debug|Win32.Build.0 = Debug|Win32
		{EE7895FF-8E3C-43ED-9F8D-CE0D5924E45A}.Release|Win32.ActiveCfg = Release|Win32
		{EE7895FF-8E3C-43ED-9F8D-CE0D5924E45A}.Release|Win32.Build.0 = Release|Win32
		{1487469A-F56D-4D5D-AE3E-181B701CAF67}.Debug|Win32.ActiveCfg = Debug|Win32
		{1487469A-F56D-4D5D-AE3E-181B701CAF67}.Debug|Win32.Build.0 = Debug|Win32
		{1487469A-F56D-4D5D-AE3E-181B701CAF67}.Release|Win32.ActiveCfg = Release|Win32
		{1487469A-F56D-4D5D-AE3E-181B701CAF67}.Release|Win32.Build.0 = Release|Win32
		{BD7E3F89-730A-4459-A5C5-9C84ACAC245E}.Debug|Win32.ActiveCfg = Debug|Win32
		{BD7E3F89-730A-4459-A5C5-9C84ACAC245E}.Debug|Win32.Build.0 = Debug|Win32
		{BD7E3F89-730A-4459-A5C5-9C84ACAC245E}.Release|Win32.ActiveCfg = Release|Win32
		{BD7E3F89-730A-4459-A5C5-9C84ACAC245E}.Release|Win32.Build.0 = Release|Win32
		{07362E7A-8F24-43AB-A7AA-BB0CC4A4933C}.Debug|Win32.ActiveCfg = Debug|Win32
		{07362E7A-8F24-43AB-A7AA-BB0CC4A4933C}.Debug|Win32.Build.0 = Debug|Win32
		{07362E7A-8F24-43AB-A7AA-BB0CC4A4933C}.Release|Win32.ActiveCfg = Release|Win32
		{07362E7A-8F24-43AB-A7AA-BB0CC4A4933C}.Release|Win32.Build.0 = Release|Win32
		{E4331CC5-D292-438C-A70E-B35F1687A6BE}.Debug|Win32.ActiveCfg = Debug|Win32
		{E4331CC5-D292-438C-A70E-B35F1687A6BE}.Debug|Win32.Build.0 = Debug|Win32
		{E4331CC5-D292-438C-A70E-B35F1687A6BE}.Release|Win32.ActiveCfg = Release|Win32
		{E4331CC5-D292-438C-A70E-B35F1687A6BE}.Release|Win32.Build.0 = Release|Win32
		{017B142E-FBDA-4150-B0D7-8D0111A0A9BD}.Debug|Win32.ActiveCfg = Debug|Win32
		{017B142E-FBDA-4150-B0D7-8D0111A0A9BD}.Debug|Win32.Build.0 = Debug|Win32
		{017B142E-FBDA-4150-B0D7-8D0111A0A9BD}.Release|Win32.ActiveCfg = Release|Win32
		{017B142E-FBDA-4150-B0D7-8D0111A0A9BD}.Release|Win32.Build.0 = Release|Win32
		{D95C47C1-6346-48FB-B51A-662EFDD9DCA9}.Debug|Win32.ActiveCfg = Debug|Win32
		{D95C47C1-6346-48FB-B51A-662EFDD9DCA9}.Debug|Win32.Build.0 = Debug|Win32
		{D95C47C1-6346-48FB-B51A-662EFDD9DCA9}.Release|Win32.ActiveCfg = Release|Win32
		{D95C47C1-6346-48FB-B51A-662EFDD9DCA9}.Release|Win32.Build.0 = Release|Win32
		{3828C952-EF8F-4E6E-8467-2122240A63B8}.Debug|Win32.ActiveCfg = Debug|Win32
		{3828C952-EF8F-4E6E-8467-2122240A63B8}.Debug|Win32.Build.0 = Debug|Win32
		{3828C952-EF8F-4E6E-8467-2122240A63B8}.Release|Win32.ActiveCfg = Release|Win32
		{3828C952-EF8F-4E6E-8467-2122240A63B8}.Release|Win32.Build.0 = Release|Win32
		{589409ED-4FA1-45F5-83B8-CF294D6A1A4E}.Debug|Win32.ActiveCfg = Debug|Win32
		{589409ED-4FA1-45F5-83B8-CF294D6A1A4E}.Debug|Win32.Build.0 = Debug|Win32
		{589409ED-4FA1-45F5-83B8-CF294D6A1A4E}.Release|Win32.ActiveCfg = Release|Win32
		{589409ED-4FA1-45F5-83B8-CF294D6A1A4E}.Release|Win32.Build.0 = Release|Win32
		{C0EDB465-5831-4B61-A84D-6E3458B47375}.Debug|Win32.ActiveCfg = Debug|Win32
		{C0EDB465-5831-4B61-A84D-6E3458B47375}.Debug|Win32.Build.0 = Debug|Win32
		{C0EDB465-5831-4B61-A84D-6E3458B47375}.Release|Win32.ActiveCfg = Release|Win32
		{C0EDB465-5831-4B61-A84D-6E3458B47375}.Release|Win32.Build.0 = Release|Win32
		{E59541B9-B28D-4AE3-B7A7-FEE69F2E4EC1}.Debug|Win32.ActiveCfg = Debug|Win32
		{E59541B9-B28D-4AE3-B7A7-FEE69F2E4EC1}.Debug|Win32.Build.0 = Debug|Win32
		{E59541B9-B28D-4AE3-B7A7-FEE69F2E4EC1}.Release|Win32.ActiveCfg = Release|Win32
		{E59541B9-B28D-4AE3-B7A7-FEE69F2E4EC1}.Release|Win32.Build.0 = Release|Win32
		{460964BD-5B32-43F9-8BD5-DE886B33A04E}.Debug|Win32.ActiveCfg = Debug|Win32
		{460964BD-5B32-43F9-8BD5-DE886B33A04E}.Debug|Win32.Build.0 = Debug|Win32
		{460964BD-5B32-43F9-8BD5-DE886B33A04E}.Release|Win32.ActiveCfg = Release|Win32
		{460964BD-5B32-43F9-8BD5-DE886B33A04E}.Release|Win32.Build.0 = Release|Win32
		{802CF11C-A1CA-4D3A-8188-2DF3F7FCDC9D}.Debug|Win32.ActiveCfg = Debug|Win32
		{802CF11C-A1CA-4D3A-8188-2DF3F7FCDC9D}.Debug|Win32.Build.0 = Debug|Win32
		{802CF11C-A1CA-4D3A-8188-2DF3F7FCDC9D}.Release|Win32.ActiveCfg = Release|Win32
		{802CF11C-A1CA-4D3A-8188-2DF3F7FCDC9D}.Release|Win32.Build.0 = Release|Win32
		{FE1446A3-3053-4FD7-B830-8338604FA72D}.Debug|Win32.ActiveCfg = Debug|Win32
		{FE1446A3-3053-4FD7-B830-8338604FA72D}.Debug|Win32.Build.0 = Debug|Win32
		{FE1446A3-3053-4FD7-B830-8338604FA72D}.Release|Win32.ActiveCfg = Release|Win32
		{FE1446A3-3053-4FD7-B830-8338604FA72D}.Release|Win32.Build.0 = Release|Win32
	EndGlobalSection
	GlobalSection(SolutionProperties) = preSolution
		HideSolutionNode = FALSE
	EndGlobalSection
	GlobalSection(NestedProjects) = preSolution
		{3C5C9906-9E46-4208-AFC9-753447D47AD0} = {22EAA7E1-DD9D-4311-B295-06293ED2CD87}
		{2F6B18B9-0F87-4201-A6AC-13BCF017C654} = {22EAA7E1-DD9D-4311-B295-06293ED2CD87}
		{531E5B7D-D48C-45C8-A31D-EE23F87D1CCA} = {22EAA7E1-DD9D-4311-B295-06293ED2CD87}
		{EE7895FF-8E3C-43ED-9F8D-CE0D5924E45A} = {22EAA7E1-DD9D-4311-B295-06293ED2CD87}
		{1487469A-F56D-4D5D-AE3E-181B701CAF67} = {22EAA7E1-DD9D-4311-B295-06293ED2CD87}
		{BD7E3F89-730A-4459-A5C5-9C84ACAC245E} = {22EAA7E1-DD9D-4311-B295-06293ED2CD87}
		{07362E7A-8F24-43AB-A7AA-BB0CC4A4933C} = {22EAA7E1-DD9D-4311-B295-06293ED2CD87}
		{E4331CC5-D292-438C-A70E-B35F1687A6BE} = {22EAA7E1-DD9D-4311-B295-06293ED2CD87}
		{017B142E-FBDA-4150-B0D7-8D0111A0A9BD} = {22EAA7E1-DD9D-4311-B295-06293ED2CD87}
		{D95C47C1-6346-48FB-B51A-662EFDD9DCA9} = {22EAA7E1-DD9D-4311-B295-06293ED2CD87}
		{3828C952-EF8F-4E6E-8467-2122240A63B8} = {22EAA7E1-DD9D-4311-B295-06293ED2CD87}
		{589409ED-4FA1-45F5-83B8-CF294D6A1A4E} = {22EAA7E1-DD9D-4311-B295-06293ED2CD87}
		{C0EDB465-5831-4B61-A84D-6E3458B47375} = {22EAA7E1-DD9D-4311-B295-06293ED2CD87}
		{E59541B9-B28D-4AE3-B7A7-FEE69F2E4EC1} = {22EAA7E1-DD9D-4311-B295-06293ED2CD87}
		{460964BD-5B32-43F9-8BD5-DE886B33A04E} = {22EAA7E1-DD9D-4311-B295-06293ED2CD87}
	EndGlobalSection
EndGlobal
